<?xml version="1.0" encoding="UTF-8" standalone="yes" ?>
<CodeBlocks_project_file>
	<FileVersion major="1" minor="6" />
	<Project>
		<Option title="Evolutions-SQL" />
		<Option pch_mode="2" />
		<Option compiler="gcc" />
		<Build>
			<Target title="default">
				<Option output="Evolutions-SQL" prefix_auto="1" extension_auto="1" />
				<Option type="1" />
				<Option compiler="gcc" />
			</Target>
		</Build>
		<Compiler>
			<Add option="-D__WINDOWS__" />
			<Add option="-D__SKULLSYSTEM__" />
			<Add option="-D__PARTYSYSTEM__" />
			<Add option="-D__DEBUG_PLAYERS__" />
			<Add option="-D__USE_MYSQL__" />
			<Add option="-D__XID_BUY_SELL__" />
			<Add option="-D__TLM_SERVER_SAVE__" />
			<Add option="-D__XID_CVS_MODS__" />
			<Add option="-D__XID_PREMIUM_SYSTEM__" />
			<Add option="-D__PB_BUY_HOUSE__" />
			<Add option="-D__XID_LEAVE_HOUSE__" />
			<Add option="-D__YUR_GUILD_SYSTEM__" />
			<Add option="-D__TR_ANTI_AFK__" />
			<Add option="-D__XID_CMD_EXT__" />
			<Add option="-D__TC_BROADCAST_COLORS__" />
			<Add option="-D__XID_CTRL_Z__" />
			<Add option="-D__SILV_MC_CHECK__" />
			<Add option="-D__YUR_SHUTDOWN__" />
			<Add option="-D__YUR_CLEAN_MAP__" />
			<Add option="-D__XID_ROOKGARD__" />
			<Add option="-D__TC_GM_INVISIBLE__" />
			<Add option="-D__XID_LEARN_SPELLS__" />
			<Add option="-D__JD_DEATH_LIST__" />
			<Add option="-D__XID_CONFIG_CAP__" />
			<Add option="-D__XID_PREVENT_LOSS__" />
			<Add option="-D__UCB_ONLINE_LIST__" />
			<Add option="-D__XID_ACCOUNT_MANAGER__" />
			<Add option="-D__XID_CTRL_Y__" />
			<Add option="-D__XID_ADD_SKILLLEVEL__" />
			<Add option="-D__XID_SUMMONS_FOLLOW__" />
			<Add option="-D__XID_PVP_FEATURES__" />
			<Add option="-D__XID_PROTECTION_SYSTEM__" />
			<Add option="-D__JD_BED_SYSTEM__" />
			<Add option="-D__XID_SEPERATE_ADDONS__" />
			<Add option="-D__NFS_PVP_ARENA__" />
			<Add option="-D__XID_EXPERIENCE_STAGES__" />
			<Add option="-D__XID_BLESS_SYSTEM__" />
			<Add directory="C:/Dev-Cpp/others/lua-5.1/include" />
			<Add directory="C:/Dev-Cpp/others/boost_1_33_1" />
		</Compiler>
		<Linker>
			<Add option="-s" />
			<Add library="libxml2" />
			<Add library="mysql" />
			<Add library="lua" />
			<Add library="lualib" />
			<Add library="wsock32" />
			<Add library="regex" />
			<Add library="gmp" />
			<Add directory="C:/Dev-Cpp/others/lua-5.1/lib" />
			<Add directory="C:/Dev-Cpp/others/boost_1_33_1/libregex" />
		</Linker>
		<Unit filename="../account.cpp" />
		<Unit filename="../account.h" />
		<Unit filename="../actions.cpp" />
		<Unit filename="../actions.h" />
		<Unit filename="../admin.cpp" />
		<Unit filename="../admin.h" />
		<Unit filename="../allocator.cpp" />
		<Unit filename="../allocator.h" />
		<Unit filename="../ban.cpp" />
		<Unit filename="../ban.h" />
		<Unit filename="../baseevents.cpp" />
		<Unit filename="../baseevents.h" />
		<Unit filename="../beds.cpp" />
		<Unit filename="../beds.h" />
		<Unit filename="../chat.cpp" />
		<Unit filename="../chat.h" />
		<Unit filename="../combat.cpp" />
		<Unit filename="../combat.h" />
		<Unit filename="../commands.cpp" />
		<Unit filename="../commands.h" />
		<Unit filename="../condition.cpp" />
		<Unit filename="../condition.h" />
		<Unit filename="../configmanager.cpp" />
		<Unit filename="../configmanager.h" />
		<Unit filename="../const79.h" />
		<Unit filename="../container.cpp" />
		<Unit filename="../container.h" />
		<Unit filename="../creature.cpp" />
		<Unit filename="../creature.h" />
		<Unit filename="../cylinder.cpp" />
		<Unit filename="../cylinder.h" />
		<Unit filename="../database.cpp" />
		<Unit filename="../database.h" />
		<Unit filename="../databasemysql.cpp" />
		<Unit filename="../databasemysql.h" />
		<Unit filename="../definitions.h" />
		<Unit filename="../depot.cpp" />
		<Unit filename="../depot.h" />
		<Unit filename="../enums.h" />
		<Unit filename="../exception.cpp" />
		<Unit filename="../exception.h" />
		<Unit filename="../fileloader.cpp" />
		<Unit filename="../fileloader.h" />
		<Unit filename="../game.cpp" />
		<Unit filename="../game.h" />
		<Unit filename="../guilds.cpp" />
		<Unit filename="../guilds.h" />
		<Unit filename="../house.cpp" />
		<Unit filename="../house.h" />
		<Unit filename="../housetile.cpp" />
		<Unit filename="../housetile.h" />
		<Unit filename="../ioaccount.cpp" />
		<Unit filename="../ioaccount.h" />
		<Unit filename="../ioaccountsql.cpp" />
		<Unit filename="../ioaccountsql.h" />
		<Unit filename="../iomap.h" />
		<Unit filename="../iomapotbm.cpp" />
		<Unit filename="../iomapotbm.h" />
		<Unit filename="../iomapserialize.cpp" />
		<Unit filename="../iomapserialize.h" />
		<Unit filename="../iomapserializesql.cpp" />
		<Unit filename="../iomapserializesql.h" />
		<Unit filename="../iomapserializexml.cpp" />
		<Unit filename="../iomapserializexml.h" />
		<Unit filename="../iomapxml.cpp" />
		<Unit filename="../iomapxml.h" />
		<Unit filename="../ioplayer.cpp" />
		<Unit filename="../ioplayer.h" />
		<Unit filename="../ioplayersql.cpp" />
		<Unit filename="../ioplayersql.h" />
		<Unit filename="../item.cpp" />
		<Unit filename="../item.h" />
		<Unit filename="../itemloader.cpp" />
		<Unit filename="../itemloader.h" />
		<Unit filename="../items.cpp" />
		<Unit filename="../items.h" />
		<Unit filename="../logger.cpp" />
		<Unit filename="../logger.h" />
		<Unit filename="../luascript.cpp" />
		<Unit filename="../luascript.h" />
		<Unit filename="../mailbox.cpp" />
		<Unit filename="../mailbox.h" />
		<Unit filename="../map.cpp" />
		<Unit filename="../map.h" />
		<Unit filename="../monster.cpp" />
		<Unit filename="../monster.h" />
		<Unit filename="../monsters.cpp" />
		<Unit filename="../monsters.h" />
		<Unit filename="../movement.cpp" />
		<Unit filename="../movement.h" />
		<Unit filename="../networkmessage.cpp" />
		<Unit filename="../networkmessage.h" />
		<Unit filename="../npc.cpp" />
		<Unit filename="../npc.h" />
		<Unit filename="../otpch.h" />
		<Unit filename="../otserv.cpp" />
		<Unit filename="../otsystem.h" />
		<Unit filename="../outfit.cpp" />
		<Unit filename="../outfit.h" />
		<Unit filename="../party.cpp" />
		<Unit filename="../party.h" />
		<Unit filename="../player.cpp" />
		<Unit filename="../player.h" />
		<Unit filename="../position.cpp" />
		<Unit filename="../position.h" />
		<Unit filename="../protocol79.cpp" />
		<Unit filename="../protocol79.h" />
		<Unit filename="../pvparena.cpp" />
		<Unit filename="../pvparena.h" />
		<Unit filename="../raids.cpp" />
		<Unit filename="../raids.h" />
		<Unit filename="../rsa.cpp" />
		<Unit filename="../rsa.h" />
		<Unit filename="../scheduler.cpp" />
		<Unit filename="../scheduler.h" />
		<Unit filename="../scriptmanager.cpp" />
		<Unit filename="../scriptmanager.h" />
		<Unit filename="../spawn.cpp" />
		<Unit filename="../spawn.h" />
		<Unit filename="../spells.cpp" />
		<Unit filename="../spells.h" />
		<Unit filename="../status.cpp" />
		<Unit filename="../status.h" />
		<Unit filename="../talkaction.cpp" />
		<Unit filename="../talkaction.h" />
		<Unit filename="../tasks.h" />
		<Unit filename="../teleport.cpp" />
		<Unit filename="../teleport.h" />
		<Unit filename="../templates.h" />
		<Unit filename="../thing.cpp" />
		<Unit filename="../thing.h" />
		<Unit filename="../tile.cpp" />
		<Unit filename="../tile.h" />
		<Unit filename="../tools.cpp" />
		<Unit filename="../tools.h" />
		<Unit filename="../town.h" />
		<Unit filename="../trashholder.cpp" />
		<Unit filename="../trashholder.h" />
		<Unit filename="../vocation.cpp" />
		<Unit filename="../vocation.h" />
		<Unit filename="../waitlist.cpp" />
		<Unit filename="../waitlist.h" />
		<Unit filename="../weapons.cpp" />
		<Unit filename="../weapons.h" />
		<Extensions>
			<code_completion />
			<envvars />
			<debugger />
		</Extensions>
	</Project>
</CodeBlocks_project_file>
